{
    "_readme": [
        "This file locks the dependencies of your project to a known state",
        "Read more about it at https://getcomposer.org/doc/01-basic-usage.md#installing-dependencies",
        "This file is @generated automatically"
    ],
    "content-hash": "db7f54c64ee42c894bdc738b8729f217",
    "packages": [
        {
            "name": "pocketmine/math",
            "version": "dev-main",
            "dist": {
                "type": "path",
                "url": "C:/libs/Math",
                "reference": "2c4e345c6cdfccec60852c0979abb26468b7cbe6"
            },
            "require": {
                "php": "^8.0",
                "php-64bit": "*"
            },
            "require-dev": {
                "phpstan/extension-installer": "^1.0",
                "phpstan/phpstan": "~1.10.3",
                "phpstan/phpstan-strict-rules": "^1.0",
                "phpunit/phpunit": "^8.5 || ^9.5"
            },
            "type": "library",
            "autoload": {
                "psr-4": {
                    "pocketmine\\math\\": "src/"
                }
            },
            "autoload-dev": {
                "psr-4": {
                    "pocketmine\\math\\": "tests/phpunit/"
                }
            },
            "license": [
                "LGPL-3.0"
            ],
            "description": "PHP library containing math related code used in PocketMine-MP",
            "transport-options": {
                "relative": false
            }
        }
    ],
    "packages-dev": [],
    "aliases": [],
    "minimum-stability": "dev",
    "stability-flags": {},
    "prefer-stable": true,
    "prefer-lowest": false,
    "platform": {},
    "platform-dev": {},
    "plugin-api-version": "2.6.0"
}
